
Microsoft Visual Studio Solution File, Format Version 12.00
# Visual Studio Version 16
VisualStudioVersion = 16.0.30907.101
MinimumVisualStudioVersion = 10.0.40219.1
Project("{FAE04EC0-301F-11D3-BF4B-00C04F79EFBC}") = "Prelimanaries", "Prelimanaries\Prelimanaries.csproj", "{EE8906A8-03B5-4BA0-B324-28425ED06211}"
EndProject
Project("{FAE04EC0-301F-11D3-BF4B-00C04F79EFBC}") = "CsharpInput", "CsharpInput\CsharpInput.csproj", "{6B11FF3C-4DD1-4F40-AF7E-91EE81211366}"
EndProject
Global
	GlobalSection(SolutionConfigurationPlatforms) = preSolution
		Debug|Any CPU = Debug|Any CPU
		Release|Any CPU = Release|Any CPU
	EndGlobalSection
	GlobalSection(ProjectConfigurationPlatforms) = postSolution
		{EE8906A8-03B5-4BA0-B324-28425ED06211}.Debug|Any CPU.ActiveCfg = Debug|Any CPU
		{EE8906A8-03B5-4BA0-B324-28425ED06211}.Debug|Any CPU.Build.0 = Debug|Any CPU
		{EE8906A8-03B5-4BA0-B324-28425ED06211}.Release|Any CPU.ActiveCfg = Release|Any CPU
		{EE8906A8-03B5-4BA0-B324-28425ED06211}.Release|Any CPU.Build.0 = Release|Any CPU
		{6B11FF3C-4DD1-4F40-AF7E-91EE81211366}.Debug|Any CPU.ActiveCfg = Debug|Any CPU
		{6B11FF3C-4DD1-4F40-AF7E-91EE81211366}.Debug|Any CPU.Build.0 = Debug|Any CPU
		{6B11FF3C-4DD1-4F40-AF7E-91EE81211366}.Release|Any CPU.ActiveCfg = Release|Any CPU
		{6B11FF3C-4DD1-4F40-AF7E-91EE81211366}.Release|Any CPU.Build.0 = Release|Any CPU
	EndGlobalSection
	GlobalSection(SolutionProperties) = preSolution
		HideSolutionNode = FALSE
	EndGlobalSection
	GlobalSection(ExtensibilityGlobals) = postSolution
		SolutionGuid = {E4C6A260-510C-4626-94EC-1323A3DAD4D1}
	EndGlobalSection
EndGlobal
