
Microsoft Visual Studio Solution File, Format Version 12.00
# Visual Studio Version 16
VisualStudioVersion = 16.0.30907.101
MinimumVisualStudioVersion = 10.0.40219.1
Project("{FAE04EC0-301F-11D3-BF4B-00C04F79EFBC}") = "Prelimanaries", "Prelimanaries\Prelimanaries.csproj", "{EE8906A8-03B5-4BA0-B324-28425ED06211}"
EndProject
Project("{FAE04EC0-301F-11D3-BF4B-00C04F79EFBC}") = "CsharpInput", "CsharpInput\CsharpInput.csproj", "{6B11FF3C-4DD1-4F40-AF7E-91EE81211366}"
EndProject
Project("{FAE04EC0-301F-11D3-BF4B-00C04F79EFBC}") = "ConditionalStatements", "ConditionalStatements\ConditionalStatements.csproj", "{3AA01CB6-DB25-46D0-81EB-B58D1BFCB8BA}"
EndProject
Project("{FAE04EC0-301F-11D3-BF4B-00C04F79EFBC}") = "Loops", "Loops\Loops.csproj", "{2574848E-2DB9-4072-A11E-A31479D0C838}"
EndProject
Project("{FAE04EC0-301F-11D3-BF4B-00C04F79EFBC}") = "Methods", "Methods\Methods.csproj", "{77A3FFB9-C0AA-4D05-BD7A-2C190FEB4D28}"
EndProject
Project("{FAE04EC0-301F-11D3-BF4B-00C04F79EFBC}") = "Arrays", "Arrays\Arrays.csproj", "{84DE4502-95FE-457F-809F-DA7FEF24A255}"
EndProject
Project("{FAE04EC0-301F-11D3-BF4B-00C04F79EFBC}") = "strings", "strings\strings.csproj", "{40C419B5-E620-42C5-8FFA-AE3276876ADD}"
EndProject
Project("{FAE04EC0-301F-11D3-BF4B-00C04F79EFBC}") = "oop-classes", "oop-classes\oop-classes.csproj", "{0F40BFBC-9477-496B-AEBE-054A4FA0F724}"
EndProject
Project("{FAE04EC0-301F-11D3-BF4B-00C04F79EFBC}") = "oop_classes_2", "oop_classes_2\oop_classes_2.csproj", "{88B9446D-FC7E-4152-BF9C-3694B00AA6E0}"
EndProject
Project("{FAE04EC0-301F-11D3-BF4B-00C04F79EFBC}") = "oop_classes_3", "oop_classes_3\oop_classes_3.csproj", "{08AAF4CA-3C41-41DA-9C3E-5DE806FC9C4D}"
EndProject
Project("{FAE04EC0-301F-11D3-BF4B-00C04F79EFBC}") = "oop_classes_4", "oop_classes_4\oop_classes_4.csproj", "{A0A03531-075A-4102-97F0-77C7287121FF}"
EndProject
Project("{FAE04EC0-301F-11D3-BF4B-00C04F79EFBC}") = "oop_classes_lists", "oop_classes_lists\oop_classes_lists.csproj", "{A53B229E-1979-4787-8028-B3DCD963EF90}"
EndProject
Project("{FAE04EC0-301F-11D3-BF4B-00C04F79EFBC}") = "opp_classes_list_objects", "opp_classes_list_objects\opp_classes_list_objects.csproj", "{882E3157-C058-4C8A-A49C-C3E854E58AC1}"
EndProject
Project("{FAE04EC0-301F-11D3-BF4B-00C04F79EFBC}") = "oop_classes_lists_filing", "oop_classes_lists_filing\oop_classes_lists_filing.csproj", "{8D788DEB-0722-45EA-972A-2962A14B7DC3}"
EndProject
Project("{FAE04EC0-301F-11D3-BF4B-00C04F79EFBC}") = "oop_classes_lists_firebase", "oop_classes_lists_firebase\oop_classes_lists_firebase.csproj", "{078DE14C-5126-404D-AB5D-C732910DE516}"
EndProject
Project("{FAE04EC0-301F-11D3-BF4B-00C04F79EFBC}") = "oop_classes_lists_mongodb", "oop_classes_lists_mongodb\oop_classes_lists_mongodb.csproj", "{C9F04523-05CB-470E-BD23-EED904B43B73}"
EndProject
Project("{FAE04EC0-301F-11D3-BF4B-00C04F79EFBC}") = "oop_classes_lists_sqlserver", "oop_classes_lists_sqlserver\oop_classes_lists_sqlserver.csproj", "{DAB801D1-C3AC-43AF-BCD1-14990AC0B6E9}"
EndProject
Project("{FAE04EC0-301F-11D3-BF4B-00C04F79EFBC}") = "oop_classes_lists_azure", "oop_classes_lists_azure\oop_classes_lists_azure.csproj", "{B792B863-73B0-437C-B2B4-F4CBACBDBE6C}"
EndProject
Project("{FAE04EC0-301F-11D3-BF4B-00C04F79EFBC}") = "Array2D", "Array2D\Array2D.csproj", "{0362234D-9BFF-4619-B5C7-379469F0759C}"
EndProject
Project("{FAE04EC0-301F-11D3-BF4B-00C04F79EFBC}") = "CustomArrayClass_indexers", "CustomArrayClass_indexers\CustomArrayClass_indexers.csproj", "{C874106C-67D2-4B2F-B30B-6B7EB7917124}"
EndProject
Project("{FAE04EC0-301F-11D3-BF4B-00C04F79EFBC}") = "CustomArrayClass_indexers_T", "CustomArrayClass_indexers_T\CustomArrayClass_indexers_T.csproj", "{63E2CDB9-967B-47C2-9D8A-4CD7D09DC5BF}"
EndProject
Global
	GlobalSection(SolutionConfigurationPlatforms) = preSolution
		Debug|Any CPU = Debug|Any CPU
		Release|Any CPU = Release|Any CPU
	EndGlobalSection
	GlobalSection(ProjectConfigurationPlatforms) = postSolution
		{EE8906A8-03B5-4BA0-B324-28425ED06211}.Debug|Any CPU.ActiveCfg = Debug|Any CPU
		{EE8906A8-03B5-4BA0-B324-28425ED06211}.Debug|Any CPU.Build.0 = Debug|Any CPU
		{EE8906A8-03B5-4BA0-B324-28425ED06211}.Release|Any CPU.ActiveCfg = Release|Any CPU
		{EE8906A8-03B5-4BA0-B324-28425ED06211}.Release|Any CPU.Build.0 = Release|Any CPU
		{6B11FF3C-4DD1-4F40-AF7E-91EE81211366}.Debug|Any CPU.ActiveCfg = Debug|Any CPU
		{6B11FF3C-4DD1-4F40-AF7E-91EE81211366}.Debug|Any CPU.Build.0 = Debug|Any CPU
		{6B11FF3C-4DD1-4F40-AF7E-91EE81211366}.Release|Any CPU.ActiveCfg = Release|Any CPU
		{6B11FF3C-4DD1-4F40-AF7E-91EE81211366}.Release|Any CPU.Build.0 = Release|Any CPU
		{3AA01CB6-DB25-46D0-81EB-B58D1BFCB8BA}.Debug|Any CPU.ActiveCfg = Debug|Any CPU
		{3AA01CB6-DB25-46D0-81EB-B58D1BFCB8BA}.Debug|Any CPU.Build.0 = Debug|Any CPU
		{3AA01CB6-DB25-46D0-81EB-B58D1BFCB8BA}.Release|Any CPU.ActiveCfg = Release|Any CPU
		{3AA01CB6-DB25-46D0-81EB-B58D1BFCB8BA}.Release|Any CPU.Build.0 = Release|Any CPU
		{2574848E-2DB9-4072-A11E-A31479D0C838}.Debug|Any CPU.ActiveCfg = Debug|Any CPU
		{2574848E-2DB9-4072-A11E-A31479D0C838}.Debug|Any CPU.Build.0 = Debug|Any CPU
		{2574848E-2DB9-4072-A11E-A31479D0C838}.Release|Any CPU.ActiveCfg = Release|Any CPU
		{2574848E-2DB9-4072-A11E-A31479D0C838}.Release|Any CPU.Build.0 = Release|Any CPU
		{77A3FFB9-C0AA-4D05-BD7A-2C190FEB4D28}.Debug|Any CPU.ActiveCfg = Debug|Any CPU
		{77A3FFB9-C0AA-4D05-BD7A-2C190FEB4D28}.Debug|Any CPU.Build.0 = Debug|Any CPU
		{77A3FFB9-C0AA-4D05-BD7A-2C190FEB4D28}.Release|Any CPU.ActiveCfg = Release|Any CPU
		{77A3FFB9-C0AA-4D05-BD7A-2C190FEB4D28}.Release|Any CPU.Build.0 = Release|Any CPU
		{84DE4502-95FE-457F-809F-DA7FEF24A255}.Debug|Any CPU.ActiveCfg = Debug|Any CPU
		{84DE4502-95FE-457F-809F-DA7FEF24A255}.Debug|Any CPU.Build.0 = Debug|Any CPU
		{84DE4502-95FE-457F-809F-DA7FEF24A255}.Release|Any CPU.ActiveCfg = Release|Any CPU
		{84DE4502-95FE-457F-809F-DA7FEF24A255}.Release|Any CPU.Build.0 = Release|Any CPU
		{40C419B5-E620-42C5-8FFA-AE3276876ADD}.Debug|Any CPU.ActiveCfg = Debug|Any CPU
		{40C419B5-E620-42C5-8FFA-AE3276876ADD}.Debug|Any CPU.Build.0 = Debug|Any CPU
		{40C419B5-E620-42C5-8FFA-AE3276876ADD}.Release|Any CPU.ActiveCfg = Release|Any CPU
		{40C419B5-E620-42C5-8FFA-AE3276876ADD}.Release|Any CPU.Build.0 = Release|Any CPU
		{0F40BFBC-9477-496B-AEBE-054A4FA0F724}.Debug|Any CPU.ActiveCfg = Debug|Any CPU
		{0F40BFBC-9477-496B-AEBE-054A4FA0F724}.Debug|Any CPU.Build.0 = Debug|Any CPU
		{0F40BFBC-9477-496B-AEBE-054A4FA0F724}.Release|Any CPU.ActiveCfg = Release|Any CPU
		{0F40BFBC-9477-496B-AEBE-054A4FA0F724}.Release|Any CPU.Build.0 = Release|Any CPU
		{88B9446D-FC7E-4152-BF9C-3694B00AA6E0}.Debug|Any CPU.ActiveCfg = Debug|Any CPU
		{88B9446D-FC7E-4152-BF9C-3694B00AA6E0}.Debug|Any CPU.Build.0 = Debug|Any CPU
		{88B9446D-FC7E-4152-BF9C-3694B00AA6E0}.Release|Any CPU.ActiveCfg = Release|Any CPU
		{88B9446D-FC7E-4152-BF9C-3694B00AA6E0}.Release|Any CPU.Build.0 = Release|Any CPU
		{08AAF4CA-3C41-41DA-9C3E-5DE806FC9C4D}.Debug|Any CPU.ActiveCfg = Debug|Any CPU
		{08AAF4CA-3C41-41DA-9C3E-5DE806FC9C4D}.Debug|Any CPU.Build.0 = Debug|Any CPU
		{08AAF4CA-3C41-41DA-9C3E-5DE806FC9C4D}.Release|Any CPU.ActiveCfg = Release|Any CPU
		{08AAF4CA-3C41-41DA-9C3E-5DE806FC9C4D}.Release|Any CPU.Build.0 = Release|Any CPU
		{A0A03531-075A-4102-97F0-77C7287121FF}.Debug|Any CPU.ActiveCfg = Debug|Any CPU
		{A0A03531-075A-4102-97F0-77C7287121FF}.Debug|Any CPU.Build.0 = Debug|Any CPU
		{A0A03531-075A-4102-97F0-77C7287121FF}.Release|Any CPU.ActiveCfg = Release|Any CPU
		{A0A03531-075A-4102-97F0-77C7287121FF}.Release|Any CPU.Build.0 = Release|Any CPU
		{A53B229E-1979-4787-8028-B3DCD963EF90}.Debug|Any CPU.ActiveCfg = Debug|Any CPU
		{A53B229E-1979-4787-8028-B3DCD963EF90}.Debug|Any CPU.Build.0 = Debug|Any CPU
		{A53B229E-1979-4787-8028-B3DCD963EF90}.Release|Any CPU.ActiveCfg = Release|Any CPU
		{A53B229E-1979-4787-8028-B3DCD963EF90}.Release|Any CPU.Build.0 = Release|Any CPU
		{882E3157-C058-4C8A-A49C-C3E854E58AC1}.Debug|Any CPU.ActiveCfg = Debug|Any CPU
		{882E3157-C058-4C8A-A49C-C3E854E58AC1}.Debug|Any CPU.Build.0 = Debug|Any CPU
		{882E3157-C058-4C8A-A49C-C3E854E58AC1}.Release|Any CPU.ActiveCfg = Release|Any CPU
		{882E3157-C058-4C8A-A49C-C3E854E58AC1}.Release|Any CPU.Build.0 = Release|Any CPU
		{8D788DEB-0722-45EA-972A-2962A14B7DC3}.Debug|Any CPU.ActiveCfg = Debug|Any CPU
		{8D788DEB-0722-45EA-972A-2962A14B7DC3}.Debug|Any CPU.Build.0 = Debug|Any CPU
		{8D788DEB-0722-45EA-972A-2962A14B7DC3}.Release|Any CPU.ActiveCfg = Release|Any CPU
		{8D788DEB-0722-45EA-972A-2962A14B7DC3}.Release|Any CPU.Build.0 = Release|Any CPU
		{078DE14C-5126-404D-AB5D-C732910DE516}.Debug|Any CPU.ActiveCfg = Debug|Any CPU
		{078DE14C-5126-404D-AB5D-C732910DE516}.Debug|Any CPU.Build.0 = Debug|Any CPU
		{078DE14C-5126-404D-AB5D-C732910DE516}.Release|Any CPU.ActiveCfg = Release|Any CPU
		{078DE14C-5126-404D-AB5D-C732910DE516}.Release|Any CPU.Build.0 = Release|Any CPU
		{C9F04523-05CB-470E-BD23-EED904B43B73}.Debug|Any CPU.ActiveCfg = Debug|Any CPU
		{C9F04523-05CB-470E-BD23-EED904B43B73}.Debug|Any CPU.Build.0 = Debug|Any CPU
		{C9F04523-05CB-470E-BD23-EED904B43B73}.Release|Any CPU.ActiveCfg = Release|Any CPU
		{C9F04523-05CB-470E-BD23-EED904B43B73}.Release|Any CPU.Build.0 = Release|Any CPU
		{DAB801D1-C3AC-43AF-BCD1-14990AC0B6E9}.Debug|Any CPU.ActiveCfg = Debug|Any CPU
		{DAB801D1-C3AC-43AF-BCD1-14990AC0B6E9}.Debug|Any CPU.Build.0 = Debug|Any CPU
		{DAB801D1-C3AC-43AF-BCD1-14990AC0B6E9}.Release|Any CPU.ActiveCfg = Release|Any CPU
		{DAB801D1-C3AC-43AF-BCD1-14990AC0B6E9}.Release|Any CPU.Build.0 = Release|Any CPU
		{B792B863-73B0-437C-B2B4-F4CBACBDBE6C}.Debug|Any CPU.ActiveCfg = Debug|Any CPU
		{B792B863-73B0-437C-B2B4-F4CBACBDBE6C}.Debug|Any CPU.Build.0 = Debug|Any CPU
		{B792B863-73B0-437C-B2B4-F4CBACBDBE6C}.Release|Any CPU.ActiveCfg = Release|Any CPU
		{B792B863-73B0-437C-B2B4-F4CBACBDBE6C}.Release|Any CPU.Build.0 = Release|Any CPU
		{0362234D-9BFF-4619-B5C7-379469F0759C}.Debug|Any CPU.ActiveCfg = Debug|Any CPU
		{0362234D-9BFF-4619-B5C7-379469F0759C}.Debug|Any CPU.Build.0 = Debug|Any CPU
		{0362234D-9BFF-4619-B5C7-379469F0759C}.Release|Any CPU.ActiveCfg = Release|Any CPU
		{0362234D-9BFF-4619-B5C7-379469F0759C}.Release|Any CPU.Build.0 = Release|Any CPU
		{C874106C-67D2-4B2F-B30B-6B7EB7917124}.Debug|Any CPU.ActiveCfg = Debug|Any CPU
		{C874106C-67D2-4B2F-B30B-6B7EB7917124}.Debug|Any CPU.Build.0 = Debug|Any CPU
		{C874106C-67D2-4B2F-B30B-6B7EB7917124}.Release|Any CPU.ActiveCfg = Release|Any CPU
		{C874106C-67D2-4B2F-B30B-6B7EB7917124}.Release|Any CPU.Build.0 = Release|Any CPU
		{63E2CDB9-967B-47C2-9D8A-4CD7D09DC5BF}.Debug|Any CPU.ActiveCfg = Debug|Any CPU
		{63E2CDB9-967B-47C2-9D8A-4CD7D09DC5BF}.Debug|Any CPU.Build.0 = Debug|Any CPU
		{63E2CDB9-967B-47C2-9D8A-4CD7D09DC5BF}.Release|Any CPU.ActiveCfg = Release|Any CPU
		{63E2CDB9-967B-47C2-9D8A-4CD7D09DC5BF}.Release|Any CPU.Build.0 = Release|Any CPU
	EndGlobalSection
	GlobalSection(SolutionProperties) = preSolution
		HideSolutionNode = FALSE
	EndGlobalSection
	GlobalSection(ExtensibilityGlobals) = postSolution
		SolutionGuid = {E4C6A260-510C-4626-94EC-1323A3DAD4D1}
	EndGlobalSection
EndGlobal
